{
  "version": 4,
  "terraform_version": "1.9.3",
  "serial": 168,
  "lineage": "e604b0db-5e50-883c-1dae-01a2c05fc1f7",
  "outputs": {
    "connection_string": {
      "value": "mongodb+srv://jackk:jack2153@test-cluster.ne0jc.mongodb.net",
      "type": "string"
    }
  },
  "resources": [
    {
      "mode": "data",
      "type": "mongodbatlas_cluster",
      "name": "example",
      "provider": "provider[\"registry.terraform.io/mongodb/mongodbatlas\"]",
      "instances": [
        {
          "schema_version": 0,
          "attributes": {
            "advanced_configuration": [
              {
                "change_stream_options_pre_and_post_images_expire_after_seconds": 0,
                "default_read_concern": "",
                "default_write_concern": "",
                "fail_index_key_too_long": false,
                "javascript_enabled": true,
                "minimum_enabled_tls_protocol": "TLS1_2",
                "no_table_scan": false,
                "oplog_min_retention_hours": 0,
                "oplog_size_mb": 0,
                "sample_refresh_interval_bi_connector": 0,
                "sample_size_bi_connector": 0,
                "transaction_lifetime_limit_seconds": 0
              }
            ],
            "auto_scaling_compute_enabled": false,
            "auto_scaling_compute_scale_down_enabled": false,
            "auto_scaling_disk_gb_enabled": false,
            "backing_provider_name": "AWS",
            "backup_enabled": false,
            "bi_connector_config": [
              {
                "enabled": false,
                "read_preference": "secondary"
              }
            ],
            "cluster_type": "REPLICASET",
            "connection_strings": [
              {
                "aws_private_link": {},
                "aws_private_link_srv": {},
                "private": "",
                "private_endpoint": [],
                "private_srv": "",
                "standard": "mongodb://test-cluster-shard-00-00.ne0jc.mongodb.net:27017,test-cluster-shard-00-01.ne0jc.mongodb.net:27017,test-cluster-shard-00-02.ne0jc.mongodb.net:27017/?ssl=true\u0026authSource=admin\u0026replicaSet=atlas-3r5c9n-shard-0",
                "standard_srv": "mongodb+srv://test-cluster.ne0jc.mongodb.net"
              }
            ],
            "container_id": null,
            "disk_size_gb": 0.5,
            "encryption_at_rest_provider": "NONE",
            "id": "66ed6410529e96373b97fead",
            "labels": [
              {
                "key": "Infrastructure Tool",
                "value": "MongoDB Atlas Terraform Provider"
              }
            ],
            "mongo_db_major_version": "7.0",
            "mongo_db_version": "7.0.12",
            "mongo_uri": "mongodb://test-cluster-shard-00-00.ne0jc.mongodb.net:27017,test-cluster-shard-00-01.ne0jc.mongodb.net:27017,test-cluster-shard-00-02.ne0jc.mongodb.net:27017",
            "mongo_uri_updated": "2024-09-20T12:03:57Z",
            "mongo_uri_with_options": "mongodb://test-cluster-shard-00-00.ne0jc.mongodb.net:27017,test-cluster-shard-00-01.ne0jc.mongodb.net:27017,test-cluster-shard-00-02.ne0jc.mongodb.net:27017/?ssl=true\u0026authSource=admin\u0026replicaSet=atlas-3r5c9n-shard-0",
            "name": "Test-Cluster",
            "num_shards": 1,
            "paused": false,
            "pit_enabled": false,
            "project_id": "66ed6409bf64667bc57f9993",
            "provider_auto_scaling_compute_max_instance_size": "",
            "provider_auto_scaling_compute_min_instance_size": "",
            "provider_backup_enabled": false,
            "provider_disk_iops": null,
            "provider_disk_type_name": "",
            "provider_encrypt_ebs_volume": null,
            "provider_encrypt_ebs_volume_flag": null,
            "provider_instance_size_name": "M0",
            "provider_name": "TENANT",
            "provider_region_name": "AP_SOUTH_1",
            "provider_volume_type": "",
            "replication_factor": 3,
            "replication_specs": [
              {
                "id": "66ed6410529e96373b97fdf8",
                "num_shards": 1,
                "regions_config": [
                  {
                    "analytics_nodes": 0,
                    "electable_nodes": 3,
                    "priority": 7,
                    "read_only_nodes": 0,
                    "region_name": "AP_SOUTH_1"
                  }
                ],
                "zone_name": "Zone 1"
              }
            ],
            "snapshot_backup_policy": [],
            "srv_address": "mongodb+srv://test-cluster.ne0jc.mongodb.net",
            "state_name": "IDLE",
            "tags": [],
            "termination_protection_enabled": false,
            "version_release_system": "LTS"
          },
          "sensitive_attributes": []
        }
      ]
    },
    {
      "mode": "managed",
      "type": "mongodbatlas_cluster",
      "name": "example",
      "provider": "provider[\"registry.terraform.io/mongodb/mongodbatlas\"]",
      "instances": [
        {
          "schema_version": 1,
          "attributes": {
            "accept_data_risks_and_force_replica_set_reconfig": "",
            "advanced_configuration": [
              {
                "change_stream_options_pre_and_post_images_expire_after_seconds": 0,
                "default_read_concern": "",
                "default_write_concern": "",
                "fail_index_key_too_long": false,
                "javascript_enabled": true,
                "minimum_enabled_tls_protocol": "TLS1_2",
                "no_table_scan": false,
                "oplog_min_retention_hours": 0,
                "oplog_size_mb": 0,
                "sample_refresh_interval_bi_connector": 0,
                "sample_size_bi_connector": 0,
                "transaction_lifetime_limit_seconds": 0
              }
            ],
            "auto_scaling_compute_enabled": false,
            "auto_scaling_compute_scale_down_enabled": false,
            "auto_scaling_disk_gb_enabled": null,
            "backing_provider_name": "AWS",
            "backup_enabled": false,
            "bi_connector_config": [
              {
                "enabled": false,
                "read_preference": "secondary"
              }
            ],
            "cloud_backup": null,
            "cluster_id": "66ed6410529e96373b97fead",
            "cluster_type": "REPLICASET",
            "connection_strings": [
              {
                "private": "",
                "private_endpoint": [],
                "private_srv": "",
                "standard": "mongodb://test-cluster-shard-00-00.ne0jc.mongodb.net:27017,test-cluster-shard-00-01.ne0jc.mongodb.net:27017,test-cluster-shard-00-02.ne0jc.mongodb.net:27017/?ssl=true\u0026authSource=admin\u0026replicaSet=atlas-3r5c9n-shard-0",
                "standard_srv": "mongodb+srv://test-cluster.ne0jc.mongodb.net"
              }
            ],
            "container_id": null,
            "disk_size_gb": 0.5,
            "encryption_at_rest_provider": "NONE",
            "id": "Y2x1c3Rlcl9pZA==:NjZlZDY0MTA1MjllOTYzNzNiOTdmZWFk-Y2x1c3Rlcl9uYW1l:VGVzdC1DbHVzdGVy-cHJvamVjdF9pZA==:NjZlZDY0MDliZjY0NjY3YmM1N2Y5OTkz-cHJvdmlkZXJfbmFtZQ==:VEVOQU5U",
            "labels": [],
            "mongo_db_major_version": "7.0",
            "mongo_db_version": "7.0.12",
            "mongo_uri": "mongodb://test-cluster-shard-00-00.ne0jc.mongodb.net:27017,test-cluster-shard-00-01.ne0jc.mongodb.net:27017,test-cluster-shard-00-02.ne0jc.mongodb.net:27017",
            "mongo_uri_updated": "2024-09-20T12:03:57Z",
            "mongo_uri_with_options": "mongodb://test-cluster-shard-00-00.ne0jc.mongodb.net:27017,test-cluster-shard-00-01.ne0jc.mongodb.net:27017,test-cluster-shard-00-02.ne0jc.mongodb.net:27017/?ssl=true\u0026authSource=admin\u0026replicaSet=atlas-3r5c9n-shard-0",
            "name": "Test-Cluster",
            "num_shards": 1,
            "paused": false,
            "pit_enabled": false,
            "project_id": "66ed6409bf64667bc57f9993",
            "provider_auto_scaling_compute_max_instance_size": "",
            "provider_auto_scaling_compute_min_instance_size": "",
            "provider_disk_iops": null,
            "provider_disk_type_name": "",
            "provider_encrypt_ebs_volume": null,
            "provider_encrypt_ebs_volume_flag": null,
            "provider_instance_size_name": "M0",
            "provider_name": "TENANT",
            "provider_region_name": "AP_SOUTH_1",
            "provider_volume_type": "",
            "replication_factor": 3,
            "replication_specs": [
              {
                "id": "66ed6410529e96373b97fdf8",
                "num_shards": 1,
                "regions_config": [
                  {
                    "analytics_nodes": 0,
                    "electable_nodes": 3,
                    "priority": 7,
                    "read_only_nodes": 0,
                    "region_name": "AP_SOUTH_1"
                  }
                ],
                "zone_name": "Zone 1"
              }
            ],
            "retain_backups_enabled": null,
            "snapshot_backup_policy": [],
            "srv_address": "mongodb+srv://test-cluster.ne0jc.mongodb.net",
            "state_name": "IDLE",
            "tags": [],
            "termination_protection_enabled": false,
            "timeouts": null,
            "version_release_system": "LTS"
          },
          "sensitive_attributes": [],
          "private": "eyJlMmJmYjczMC1lY2FhLTExZTYtOGY4OC0zNDM2M2JjN2M0YzAiOnsiY3JlYXRlIjoxMDgwMDAwMDAwMDAwMCwiZGVsZXRlIjoxMDgwMDAwMDAwMDAwMCwidXBkYXRlIjoxMDgwMDAwMDAwMDAwMH0sInNjaGVtYV92ZXJzaW9uIjoiMSJ9",
          "dependencies": [
            "mongodbatlas_project.example"
          ]
        }
      ]
    },
    {
      "mode": "managed",
      "type": "mongodbatlas_database_user",
      "name": "user",
      "provider": "provider[\"registry.terraform.io/mongodb/mongodbatlas\"]",
      "instances": [
        {
          "schema_version": 0,
          "attributes": {
            "auth_database_name": "admin",
            "aws_iam_type": "NONE",
            "id": "YXV0aF9kYXRhYmFzZV9uYW1l:YWRtaW4=-cHJvamVjdF9pZA==:NjZlZDY0MDliZjY0NjY3YmM1N2Y5OTkz-dXNlcm5hbWU=:amFja2s=",
            "labels": [],
            "ldap_auth_type": "NONE",
            "oidc_auth_type": "NONE",
            "password": "jack2153",
            "project_id": "66ed6409bf64667bc57f9993",
            "roles": [
              {
                "collection_name": null,
                "database_name": "mydatabase",
                "role_name": "readWrite"
              }
            ],
            "scopes": [],
            "username": "jackk",
            "x509_type": "NONE"
          },
          "sensitive_attributes": [
            [
              {
                "type": "get_attr",
                "value": "password"
              }
            ]
          ],
          "dependencies": [
            "mongodbatlas_project.example"
          ]
        }
      ]
    },
    {
      "mode": "managed",
      "type": "mongodbatlas_project",
      "name": "example",
      "provider": "provider[\"registry.terraform.io/mongodb/mongodbatlas\"]",
      "instances": [
        {
          "schema_version": 0,
          "attributes": {
            "cluster_count": 0,
            "created": "2024-09-20T12:01:16Z",
            "id": "66ed6409bf64667bc57f9993",
            "ip_addresses": {
              "services": {
                "clusters": []
              }
            },
            "is_collect_database_specifics_statistics_enabled": true,
            "is_data_explorer_enabled": true,
            "is_extended_storage_sizes_enabled": false,
            "is_performance_advisor_enabled": true,
            "is_realtime_performance_panel_enabled": true,
            "is_schema_advisor_enabled": true,
            "limits": [],
            "name": "Test-Demo",
            "org_id": "66ed005ac6a3c40fc4a6deba",
            "project_owner_id": null,
            "region_usage_restrictions": null,
            "tags": null,
            "teams": [],
            "with_default_alerts_settings": true
          },
          "sensitive_attributes": []
        }
      ]
    },
    {
      "mode": "managed",
      "type": "mongodbatlas_project_ip_access_list",
      "name": "ip",
      "provider": "provider[\"registry.terraform.io/mongodb/mongodbatlas\"]",
      "instances": [
        {
          "schema_version": 0,
          "attributes": {
            "aws_security_group": "",
            "cidr_block": "122.179.154.49/32",
            "comment": "Allowed IP address",
            "id": "ZW50cnk=:MTIyLjE3OS4xNTQuNDkvMzI=-cHJvamVjdF9pZA==:NjZlZDY0MDliZjY0NjY3YmM1N2Y5OTkz",
            "ip_address": "122.179.154.49",
            "project_id": "66ed6409bf64667bc57f9993",
            "timeouts": null
          },
          "sensitive_attributes": [],
          "dependencies": [
            "mongodbatlas_project.example"
          ]
        }
      ]
    }
  ],
  "check_results": null
}
